
Microsoft Visual Studio Solution File, Format Version 12.00
# Visual Studio 15
VisualStudioVersion = 15.0.27130.2027
MinimumVisualStudioVersion = 10.0.40219.1
Project("{FAE04EC0-301F-11D3-BF4B-00C04F79EFBC}") = "LabWork2", "LabWork2\LabWork2.csproj", "{00C0A5D1-660E-420D-BD77-0DAE9C63535F}"
EndProject
Global
	GlobalSection(SolutionConfigurationPlatforms) = preSolution
		Debug|Any CPU = Debug|Any CPU
		Release|Any CPU = Release|Any CPU
	EndGlobalSection
	GlobalSection(ProjectConfigurationPlatforms) = postSolution
		{00C0A5D1-660E-420D-BD77-0DAE9C63535F}.Debug|Any CPU.ActiveCfg = Debug|Any CPU
		{00C0A5D1-660E-420D-BD77-0DAE9C63535F}.Debug|Any CPU.Build.0 = Debug|Any CPU
		{00C0A5D1-660E-420D-BD77-0DAE9C63535F}.Release|Any CPU.ActiveCfg = Release|Any CPU
		{00C0A5D1-660E-420D-BD77-0DAE9C63535F}.Release|Any CPU.Build.0 = Release|Any CPU
	EndGlobalSection
	GlobalSection(SolutionProperties) = preSolution
		HideSolutionNode = FALSE
	EndGlobalSection
	GlobalSection(ExtensibilityGlobals) = postSolution
		SolutionGuid = {10931BFE-25B5-4CAB-B6EB-E8F3DA824C46}
	EndGlobalSection
EndGlobal
